// !$*UTF8*$!
{
	archiveVersion = 1;
	classes = {
	};
	objectVersion = 56;
	objects = {

/* Begin PBXBuildFile section */
		46163EB42C6A4B0500CD6CBD /* FirebaseFirestore in Frameworks */ = {isa = PBXBuildFile; productRef = 46163EB32C6A4B0500CD6CBD /* FirebaseFirestore */; };
		46163EB72C6A4B1A00CD6CBD /* FirebaseAuth in Frameworks */ = {isa = PBXBuildFile; productRef = 46163EB62C6A4B1A00CD6CBD /* FirebaseAuth */; };
		46163EB92C6A4B2F00CD6CBD /* FirebaseFirestoreSwift in Frameworks */ = {isa = PBXBuildFile; productRef = 46163EB82C6A4B2F00CD6CBD /* FirebaseFirestoreSwift */; };
		46163EBB2C6A4B3D00CD6CBD /* FirebaseStorage in Frameworks */ = {isa = PBXBuildFile; productRef = 46163EBA2C6A4B3D00CD6CBD /* FirebaseStorage */; };
		4647010C2C6FB0C100F53B9A /* MapViewRepresentable.swift in Sources */ = {isa = PBXBuildFile; fileRef = 4647010B2C6FB0C100F53B9A /* MapViewRepresentable.swift */; };
		4647010E2C6FB20500F53B9A /* MapView.swift in Sources */ = {isa = PBXBuildFile; fileRef = 4647010D2C6FB20500F53B9A /* MapView.swift */; };
		464701112C6FB24D00F53B9A /* LocationManager.swift in Sources */ = {isa = PBXBuildFile; fileRef = 464701102C6FB24D00F53B9A /* LocationManager.swift */; };
		464701142C6FD0AF00F53B9A /* SearchBarView.swift in Sources */ = {isa = PBXBuildFile; fileRef = 464701132C6FD0AF00F53B9A /* SearchBarView.swift */; };
		464D7EE42C6B6CA6005FAAD5 /* AuthenticationViewModel.swift in Sources */ = {isa = PBXBuildFile; fileRef = 464D7EE32C6B6CA6005FAAD5 /* AuthenticationViewModel.swift */; };
		464D7EE72C6B6D49005FAAD5 /* User.swift in Sources */ = {isa = PBXBuildFile; fileRef = 464D7EE62C6B6D49005FAAD5 /* User.swift */; };
		464D7EE92C6B6DCF005FAAD5 /* RootView.swift in Sources */ = {isa = PBXBuildFile; fileRef = 464D7EE82C6B6DCF005FAAD5 /* RootView.swift */; };
		464D7EEC2C6B6E6C005FAAD5 /* DBService.swift in Sources */ = {isa = PBXBuildFile; fileRef = 464D7EEB2C6B6E6C005FAAD5 /* DBService.swift */; };
		464D7EEE2C6B6E98005FAAD5 /* LoginView.swift in Sources */ = {isa = PBXBuildFile; fileRef = 464D7EED2C6B6E98005FAAD5 /* LoginView.swift */; };
		464D7EF02C6B6EAD005FAAD5 /* RegistrationView.swift in Sources */ = {isa = PBXBuildFile; fileRef = 464D7EEF2C6B6EAD005FAAD5 /* RegistrationView.swift */; };
		464D7EF22C6B6FAB005FAAD5 /* HomeView.swift in Sources */ = {isa = PBXBuildFile; fileRef = 464D7EF12C6B6FAB005FAAD5 /* HomeView.swift */; };
		464D7EF52C6B7045005FAAD5 /* InputView.swift in Sources */ = {isa = PBXBuildFile; fileRef = 464D7EF42C6B7045005FAAD5 /* InputView.swift */; };
		464D7EF72C6B70A8005FAAD5 /* FormIsValid.swift in Sources */ = {isa = PBXBuildFile; fileRef = 464D7EF62C6B70A8005FAAD5 /* FormIsValid.swift */; };
		467585C92C6B89C2007468AE /* RegistrationButton.swift in Sources */ = {isa = PBXBuildFile; fileRef = 467585C82C6B89C2007468AE /* RegistrationButton.swift */; };
		46F4739F2C69414F008ED2FD /* PeppyApp.swift in Sources */ = {isa = PBXBuildFile; fileRef = 46F4739E2C69414F008ED2FD /* PeppyApp.swift */; };
		46F473A32C694150008ED2FD /* Assets.xcassets in Resources */ = {isa = PBXBuildFile; fileRef = 46F473A22C694150008ED2FD /* Assets.xcassets */; };
		46F473A62C694150008ED2FD /* Preview Assets.xcassets in Resources */ = {isa = PBXBuildFile; fileRef = 46F473A52C694150008ED2FD /* Preview Assets.xcassets */; };
		46F473B02C694150008ED2FD /* PeppyTests.swift in Sources */ = {isa = PBXBuildFile; fileRef = 46F473AF2C694150008ED2FD /* PeppyTests.swift */; };
		46F473BA2C694150008ED2FD /* PeppyUITests.swift in Sources */ = {isa = PBXBuildFile; fileRef = 46F473B92C694150008ED2FD /* PeppyUITests.swift */; };
		46F473BC2C694150008ED2FD /* PeppyUITestsLaunchTests.swift in Sources */ = {isa = PBXBuildFile; fileRef = 46F473BB2C694150008ED2FD /* PeppyUITestsLaunchTests.swift */; };
		46F473D12C694256008ED2FD /* GoogleService-Info.plist in Resources */ = {isa = PBXBuildFile; fileRef = 46F473D02C694256008ED2FD /* GoogleService-Info.plist */; };
		46F473D22C694256008ED2FD /* GoogleService-Info.plist in Resources */ = {isa = PBXBuildFile; fileRef = 46F473D02C694256008ED2FD /* GoogleService-Info.plist */; };
		46F473D32C694256008ED2FD /* GoogleService-Info.plist in Resources */ = {isa = PBXBuildFile; fileRef = 46F473D02C694256008ED2FD /* GoogleService-Info.plist */; };
		46F985BC2C7268CA0021D09C /* DestinationDetailView.swift in Sources */ = {isa = PBXBuildFile; fileRef = 46F985BB2C7268CA0021D09C /* DestinationDetailView.swift */; };
		46F985BE2C726A860021D09C /* SearchDestinationView.swift in Sources */ = {isa = PBXBuildFile; fileRef = 46F985BD2C726A860021D09C /* SearchDestinationView.swift */; };
		46F985C22C7275220021D09C /* LocationSearchViewModel.swift in Sources */ = {isa = PBXBuildFile; fileRef = 46F985C12C7275220021D09C /* LocationSearchViewModel.swift */; };
		46F985C42C7279690021D09C /* LocationSearchResultCell.swift in Sources */ = {isa = PBXBuildFile; fileRef = 46F985C32C7279690021D09C /* LocationSearchResultCell.swift */; };
/* End PBXBuildFile section */

/* Begin PBXContainerItemProxy section */
		46F473AC2C694150008ED2FD /* PBXContainerItemProxy */ = {
			isa = PBXContainerItemProxy;
			containerPortal = 46F473932C69414F008ED2FD /* Project object */;
			proxyType = 1;
			remoteGlobalIDString = 46F4739A2C69414F008ED2FD;
			remoteInfo = Peppy;
		};
		46F473B62C694150008ED2FD /* PBXContainerItemProxy */ = {
			isa = PBXContainerItemProxy;
			containerPortal = 46F473932C69414F008ED2FD /* Project object */;
			proxyType = 1;
			remoteGlobalIDString = 46F4739A2C69414F008ED2FD;
			remoteInfo = Peppy;
		};
/* End PBXContainerItemProxy section */

/* Begin PBXFileReference section */
		46163EB52C6A4B0800CD6CBD /* Info.plist */ = {isa = PBXFileReference; lastKnownFileType = text.plist; path = Info.plist; sourceTree = "<group>"; };
		4647010B2C6FB0C100F53B9A /* MapViewRepresentable.swift */ = {isa = PBXFileReference; lastKnownFileType = sourcecode.swift; path = MapViewRepresentable.swift; sourceTree = "<group>"; };
		4647010D2C6FB20500F53B9A /* MapView.swift */ = {isa = PBXFileReference; lastKnownFileType = sourcecode.swift; path = MapView.swift; sourceTree = "<group>"; };
		464701102C6FB24D00F53B9A /* LocationManager.swift */ = {isa = PBXFileReference; lastKnownFileType = sourcecode.swift; path = LocationManager.swift; sourceTree = "<group>"; };
		464701132C6FD0AF00F53B9A /* SearchBarView.swift */ = {isa = PBXFileReference; lastKnownFileType = sourcecode.swift; path = SearchBarView.swift; sourceTree = "<group>"; };
		464D7EE32C6B6CA6005FAAD5 /* AuthenticationViewModel.swift */ = {isa = PBXFileReference; lastKnownFileType = sourcecode.swift; path = AuthenticationViewModel.swift; sourceTree = "<group>"; };
		464D7EE62C6B6D49005FAAD5 /* User.swift */ = {isa = PBXFileReference; lastKnownFileType = sourcecode.swift; path = User.swift; sourceTree = "<group>"; };
		464D7EE82C6B6DCF005FAAD5 /* RootView.swift */ = {isa = PBXFileReference; lastKnownFileType = sourcecode.swift; path = RootView.swift; sourceTree = "<group>"; };
		464D7EEB2C6B6E6C005FAAD5 /* DBService.swift */ = {isa = PBXFileReference; lastKnownFileType = sourcecode.swift; path = DBService.swift; sourceTree = "<group>"; };
		464D7EED2C6B6E98005FAAD5 /* LoginView.swift */ = {isa = PBXFileReference; lastKnownFileType = sourcecode.swift; path = LoginView.swift; sourceTree = "<group>"; };
		464D7EEF2C6B6EAD005FAAD5 /* RegistrationView.swift */ = {isa = PBXFileReference; lastKnownFileType = sourcecode.swift; path = RegistrationView.swift; sourceTree = "<group>"; };
		464D7EF12C6B6FAB005FAAD5 /* HomeView.swift */ = {isa = PBXFileReference; lastKnownFileType = sourcecode.swift; path = HomeView.swift; sourceTree = "<group>"; };
		464D7EF42C6B7045005FAAD5 /* InputView.swift */ = {isa = PBXFileReference; lastKnownFileType = sourcecode.swift; path = InputView.swift; sourceTree = "<group>"; };
		464D7EF62C6B70A8005FAAD5 /* FormIsValid.swift */ = {isa = PBXFileReference; lastKnownFileType = sourcecode.swift; path = FormIsValid.swift; sourceTree = "<group>"; };
		467585C82C6B89C2007468AE /* RegistrationButton.swift */ = {isa = PBXFileReference; lastKnownFileType = sourcecode.swift; path = RegistrationButton.swift; sourceTree = "<group>"; };
		46F4739B2C69414F008ED2FD /* Peppy.app */ = {isa = PBXFileReference; explicitFileType = wrapper.application; includeInIndex = 0; path = Peppy.app; sourceTree = BUILT_PRODUCTS_DIR; };
		46F4739E2C69414F008ED2FD /* PeppyApp.swift */ = {isa = PBXFileReference; lastKnownFileType = sourcecode.swift; path = PeppyApp.swift; sourceTree = "<group>"; };
		46F473A22C694150008ED2FD /* Assets.xcassets */ = {isa = PBXFileReference; lastKnownFileType = folder.assetcatalog; path = Assets.xcassets; sourceTree = "<group>"; };
		46F473A52C694150008ED2FD /* Preview Assets.xcassets */ = {isa = PBXFileReference; lastKnownFileType = folder.assetcatalog; path = "Preview Assets.xcassets"; sourceTree = "<group>"; };
		46F473AB2C694150008ED2FD /* PeppyTests.xctest */ = {isa = PBXFileReference; explicitFileType = wrapper.cfbundle; includeInIndex = 0; path = PeppyTests.xctest; sourceTree = BUILT_PRODUCTS_DIR; };
		46F473AF2C694150008ED2FD /* PeppyTests.swift */ = {isa = PBXFileReference; lastKnownFileType = sourcecode.swift; path = PeppyTests.swift; sourceTree = "<group>"; };
		46F473B52C694150008ED2FD /* PeppyUITests.xctest */ = {isa = PBXFileReference; explicitFileType = wrapper.cfbundle; includeInIndex = 0; path = PeppyUITests.xctest; sourceTree = BUILT_PRODUCTS_DIR; };
		46F473B92C694150008ED2FD /* PeppyUITests.swift */ = {isa = PBXFileReference; lastKnownFileType = sourcecode.swift; path = PeppyUITests.swift; sourceTree = "<group>"; };
		46F473BB2C694150008ED2FD /* PeppyUITestsLaunchTests.swift */ = {isa = PBXFileReference; lastKnownFileType = sourcecode.swift; path = PeppyUITestsLaunchTests.swift; sourceTree = "<group>"; };
		46F473D02C694256008ED2FD /* GoogleService-Info.plist */ = {isa = PBXFileReference; fileEncoding = 4; lastKnownFileType = text.plist.xml; path = "GoogleService-Info.plist"; sourceTree = "<group>"; };
		46F985BB2C7268CA0021D09C /* DestinationDetailView.swift */ = {isa = PBXFileReference; lastKnownFileType = sourcecode.swift; path = DestinationDetailView.swift; sourceTree = "<group>"; };
		46F985BD2C726A860021D09C /* SearchDestinationView.swift */ = {isa = PBXFileReference; lastKnownFileType = sourcecode.swift; path = SearchDestinationView.swift; sourceTree = "<group>"; };
		46F985C12C7275220021D09C /* LocationSearchViewModel.swift */ = {isa = PBXFileReference; lastKnownFileType = sourcecode.swift; path = LocationSearchViewModel.swift; sourceTree = "<group>"; };
		46F985C32C7279690021D09C /* LocationSearchResultCell.swift */ = {isa = PBXFileReference; lastKnownFileType = sourcecode.swift; path = LocationSearchResultCell.swift; sourceTree = "<group>"; };
/* End PBXFileReference section */

/* Begin PBXFrameworksBuildPhase section */
		46F473982C69414F008ED2FD /* Frameworks */ = {
			isa = PBXFrameworksBuildPhase;
			buildActionMask = 2147483647;
			files = (
				46163EB42C6A4B0500CD6CBD /* FirebaseFirestore in Frameworks */,
				46163EBB2C6A4B3D00CD6CBD /* FirebaseStorage in Frameworks */,
				46163EB72C6A4B1A00CD6CBD /* FirebaseAuth in Frameworks */,
				46163EB92C6A4B2F00CD6CBD /* FirebaseFirestoreSwift in Frameworks */,
			);
			runOnlyForDeploymentPostprocessing = 0;
		};
		46F473A82C694150008ED2FD /* Frameworks */ = {
			isa = PBXFrameworksBuildPhase;
			buildActionMask = 2147483647;
			files = (
			);
			runOnlyForDeploymentPostprocessing = 0;
		};
		46F473B22C694150008ED2FD /* Frameworks */ = {
			isa = PBXFrameworksBuildPhase;
			buildActionMask = 2147483647;
			files = (
			);
			runOnlyForDeploymentPostprocessing = 0;
		};
/* End PBXFrameworksBuildPhase section */

/* Begin PBXGroup section */
		46163EB22C6A4B0500CD6CBD /* Frameworks */ = {
			isa = PBXGroup;
			children = (
			);
			name = Frameworks;
			sourceTree = "<group>";
		};
		4647010A2C6FB09D00F53B9A /* Map */ = {
			isa = PBXGroup;
			children = (
				46F985BB2C7268CA0021D09C /* DestinationDetailView.swift */,
				46F985BD2C726A860021D09C /* SearchDestinationView.swift */,
				4647010D2C6FB20500F53B9A /* MapView.swift */,
				4647010B2C6FB0C100F53B9A /* MapViewRepresentable.swift */,
				4647010F2C6FB21700F53B9A /* ViewModel */,
			);
			path = Map;
			sourceTree = "<group>";
		};
		4647010F2C6FB21700F53B9A /* ViewModel */ = {
			isa = PBXGroup;
			children = (
				46F985C12C7275220021D09C /* LocationSearchViewModel.swift */,
			);
			path = ViewModel;
			sourceTree = "<group>";
		};
		464701122C6FD08F00F53B9A /* Components */ = {
			isa = PBXGroup;
			children = (
				464701132C6FD0AF00F53B9A /* SearchBarView.swift */,
			);
			path = Components;
			sourceTree = "<group>";
		};
		464D7EE52C6B6D38005FAAD5 /* Authentication */ = {
			isa = PBXGroup;
			children = (
				464D7EE62C6B6D49005FAAD5 /* User.swift */,
			);
			path = Authentication;
			sourceTree = "<group>";
		};
		464D7EEA2C6B6E42005FAAD5 /* Services */ = {
			isa = PBXGroup;
			children = (
				464D7EEB2C6B6E6C005FAAD5 /* DBService.swift */,
			);
			path = Services;
			sourceTree = "<group>";
		};
		464D7EF32C6B7031005FAAD5 /* Buttons */ = {
			isa = PBXGroup;
			children = (
				467585C82C6B89C2007468AE /* RegistrationButton.swift */,
			);
			path = Buttons;
			sourceTree = "<group>";
		};
		46F473922C69414F008ED2FD = {
			isa = PBXGroup;
			children = (
				46F473CD2C6941A0008ED2FD /* App */,
				46F473CC2C69419B008ED2FD /* Managers */,
				46F473CB2C694192008ED2FD /* Extentions */,
				464D7EEA2C6B6E42005FAAD5 /* Services */,
				46F473CA2C694183008ED2FD /* Models */,
				46F473C92C694178008ED2FD /* Subviews */,
				46F473C82C694172008ED2FD /* Core */,
				46F4739D2C69414F008ED2FD /* Peppy */,
				46F473AE2C694150008ED2FD /* PeppyTests */,
				46F473B82C694150008ED2FD /* PeppyUITests */,
				46F4739C2C69414F008ED2FD /* Products */,
				46163EB22C6A4B0500CD6CBD /* Frameworks */,
			);
			sourceTree = "<group>";
		};
		46F4739C2C69414F008ED2FD /* Products */ = {
			isa = PBXGroup;
			children = (
				46F4739B2C69414F008ED2FD /* Peppy.app */,
				46F473AB2C694150008ED2FD /* PeppyTests.xctest */,
				46F473B52C694150008ED2FD /* PeppyUITests.xctest */,
			);
			name = Products;
			sourceTree = "<group>";
		};
		46F4739D2C69414F008ED2FD /* Peppy */ = {
			isa = PBXGroup;
			children = (
				46163EB52C6A4B0800CD6CBD /* Info.plist */,
				46F473A22C694150008ED2FD /* Assets.xcassets */,
				46F473A42C694150008ED2FD /* Preview Content */,
			);
			path = Peppy;
			sourceTree = "<group>";
		};
		46F473A42C694150008ED2FD /* Preview Content */ = {
			isa = PBXGroup;
			children = (
				46F473A52C694150008ED2FD /* Preview Assets.xcassets */,
			);
			path = "Preview Content";
			sourceTree = "<group>";
		};
		46F473AE2C694150008ED2FD /* PeppyTests */ = {
			isa = PBXGroup;
			children = (
				46F473AF2C694150008ED2FD /* PeppyTests.swift */,
			);
			path = PeppyTests;
			sourceTree = "<group>";
		};
		46F473B82C694150008ED2FD /* PeppyUITests */ = {
			isa = PBXGroup;
			children = (
				46F473B92C694150008ED2FD /* PeppyUITests.swift */,
				46F473BB2C694150008ED2FD /* PeppyUITestsLaunchTests.swift */,
			);
			path = PeppyUITests;
			sourceTree = "<group>";
		};
		46F473C82C694172008ED2FD /* Core */ = {
			isa = PBXGroup;
			children = (
				464D7EF12C6B6FAB005FAAD5 /* HomeView.swift */,
				4647010A2C6FB09D00F53B9A /* Map */,
				46F473CE2C6941AF008ED2FD /* Registration */,
			);
			path = Core;
			sourceTree = "<group>";
		};
		46F473C92C694178008ED2FD /* Subviews */ = {
			isa = PBXGroup;
			children = (
				464D7EF42C6B7045005FAAD5 /* InputView.swift */,
				46F985C32C7279690021D09C /* LocationSearchResultCell.swift */,
				464701122C6FD08F00F53B9A /* Components */,
				464D7EF32C6B7031005FAAD5 /* Buttons */,
			);
			path = Subviews;
			sourceTree = "<group>";
		};
		46F473CA2C694183008ED2FD /* Models */ = {
			isa = PBXGroup;
			children = (
				464D7EE52C6B6D38005FAAD5 /* Authentication */,
			);
			path = Models;
			sourceTree = "<group>";
		};
		46F473CB2C694192008ED2FD /* Extentions */ = {
			isa = PBXGroup;
			children = (
				464D7EF62C6B70A8005FAAD5 /* FormIsValid.swift */,
			);
			path = Extentions;
			sourceTree = "<group>";
		};
		46F473CC2C69419B008ED2FD /* Managers */ = {
			isa = PBXGroup;
			children = (
				464701102C6FB24D00F53B9A /* LocationManager.swift */,
			);
			path = Managers;
			sourceTree = "<group>";
		};
		46F473CD2C6941A0008ED2FD /* App */ = {
			isa = PBXGroup;
			children = (
				46F473D02C694256008ED2FD /* GoogleService-Info.plist */,
				46F4739E2C69414F008ED2FD /* PeppyApp.swift */,
			);
			path = App;
			sourceTree = "<group>";
		};
		46F473CE2C6941AF008ED2FD /* Registration */ = {
			isa = PBXGroup;
			children = (
				464D7EED2C6B6E98005FAAD5 /* LoginView.swift */,
				464D7EEF2C6B6EAD005FAAD5 /* RegistrationView.swift */,
				464D7EE82C6B6DCF005FAAD5 /* RootView.swift */,
				46F473CF2C6941B8008ED2FD /* ViewModel */,
			);
			path = Registration;
			sourceTree = "<group>";
		};
		46F473CF2C6941B8008ED2FD /* ViewModel */ = {
			isa = PBXGroup;
			children = (
				464D7EE32C6B6CA6005FAAD5 /* AuthenticationViewModel.swift */,
			);
			path = ViewModel;
			sourceTree = "<group>";
		};
/* End PBXGroup section */

/* Begin PBXNativeTarget section */
		46F4739A2C69414F008ED2FD /* Peppy */ = {
			isa = PBXNativeTarget;
			buildConfigurationList = 46F473BF2C694150008ED2FD /* Build configuration list for PBXNativeTarget "Peppy" */;
			buildPhases = (
				46F473972C69414F008ED2FD /* Sources */,
				46F473982C69414F008ED2FD /* Frameworks */,
				46F473992C69414F008ED2FD /* Resources */,
			);
			buildRules = (
			);
			dependencies = (
			);
			name = Peppy;
			packageProductDependencies = (
				46163EB32C6A4B0500CD6CBD /* FirebaseFirestore */,
				46163EB62C6A4B1A00CD6CBD /* FirebaseAuth */,
				46163EB82C6A4B2F00CD6CBD /* FirebaseFirestoreSwift */,
				46163EBA2C6A4B3D00CD6CBD /* FirebaseStorage */,
			);
			productName = Peppy;
			productReference = 46F4739B2C69414F008ED2FD /* Peppy.app */;
			productType = "com.apple.product-type.application";
		};
		46F473AA2C694150008ED2FD /* PeppyTests */ = {
			isa = PBXNativeTarget;
			buildConfigurationList = 46F473C22C694150008ED2FD /* Build configuration list for PBXNativeTarget "PeppyTests" */;
			buildPhases = (
				46F473A72C694150008ED2FD /* Sources */,
				46F473A82C694150008ED2FD /* Frameworks */,
				46F473A92C694150008ED2FD /* Resources */,
			);
			buildRules = (
			);
			dependencies = (
				46F473AD2C694150008ED2FD /* PBXTargetDependency */,
			);
			name = PeppyTests;
			productName = PeppyTests;
			productReference = 46F473AB2C694150008ED2FD /* PeppyTests.xctest */;
			productType = "com.apple.product-type.bundle.unit-test";
		};
		46F473B42C694150008ED2FD /* PeppyUITests */ = {
			isa = PBXNativeTarget;
			buildConfigurationList = 46F473C52C694150008ED2FD /* Build configuration list for PBXNativeTarget "PeppyUITests" */;
			buildPhases = (
				46F473B12C694150008ED2FD /* Sources */,
				46F473B22C694150008ED2FD /* Frameworks */,
				46F473B32C694150008ED2FD /* Resources */,
			);
			buildRules = (
			);
			dependencies = (
				46F473B72C694150008ED2FD /* PBXTargetDependency */,
			);
			name = PeppyUITests;
			productName = PeppyUITests;
			productReference = 46F473B52C694150008ED2FD /* PeppyUITests.xctest */;
			productType = "com.apple.product-type.bundle.ui-testing";
		};
/* End PBXNativeTarget section */

/* Begin PBXProject section */
		46F473932C69414F008ED2FD /* Project object */ = {
			isa = PBXProject;
			attributes = {
				BuildIndependentTargetsInParallel = 1;
				LastSwiftUpdateCheck = 1430;
				LastUpgradeCheck = 1430;
				TargetAttributes = {
					46F4739A2C69414F008ED2FD = {
						CreatedOnToolsVersion = 14.3.1;
					};
					46F473AA2C694150008ED2FD = {
						CreatedOnToolsVersion = 14.3.1;
						TestTargetID = 46F4739A2C69414F008ED2FD;
					};
					46F473B42C694150008ED2FD = {
						CreatedOnToolsVersion = 14.3.1;
						TestTargetID = 46F4739A2C69414F008ED2FD;
					};
				};
			};
			buildConfigurationList = 46F473962C69414F008ED2FD /* Build configuration list for PBXProject "Peppy" */;
			compatibilityVersion = "Xcode 14.0";
			developmentRegion = en;
			hasScannedForEncodings = 0;
			knownRegions = (
				en,
				Base,
			);
			mainGroup = 46F473922C69414F008ED2FD;
			packageReferences = (
				46163EB12C6A4AE600CD6CBD /* XCRemoteSwiftPackageReference "firebase-ios-sdk" */,
			);
			productRefGroup = 46F4739C2C69414F008ED2FD /* Products */;
			projectDirPath = "";
			projectRoot = "";
			targets = (
				46F4739A2C69414F008ED2FD /* Peppy */,
				46F473AA2C694150008ED2FD /* PeppyTests */,
				46F473B42C694150008ED2FD /* PeppyUITests */,
			);
		};
/* End PBXProject section */

/* Begin PBXResourcesBuildPhase section */
		46F473992C69414F008ED2FD /* Resources */ = {
			isa = PBXResourcesBuildPhase;
			buildActionMask = 2147483647;
			files = (
				46F473A62C694150008ED2FD /* Preview Assets.xcassets in Resources */,
				46F473A32C694150008ED2FD /* Assets.xcassets in Resources */,
				46F473D12C694256008ED2FD /* GoogleService-Info.plist in Resources */,
			);
			runOnlyForDeploymentPostprocessing = 0;
		};
		46F473A92C694150008ED2FD /* Resources */ = {
			isa = PBXResourcesBuildPhase;
			buildActionMask = 2147483647;
			files = (
				46F473D22C694256008ED2FD /* GoogleService-Info.plist in Resources */,
			);
			runOnlyForDeploymentPostprocessing = 0;
		};
		46F473B32C694150008ED2FD /* Resources */ = {
			isa = PBXResourcesBuildPhase;
			buildActionMask = 2147483647;
			files = (
				46F473D32C694256008ED2FD /* GoogleService-Info.plist in Resources */,
			);
			runOnlyForDeploymentPostprocessing = 0;
		};
/* End PBXResourcesBuildPhase section */

/* Begin PBXSourcesBuildPhase section */
		46F473972C69414F008ED2FD /* Sources */ = {
			isa = PBXSourcesBuildPhase;
			buildActionMask = 2147483647;
			files = (
				464D7EEE2C6B6E98005FAAD5 /* LoginView.swift in Sources */,
				464D7EE72C6B6D49005FAAD5 /* User.swift in Sources */,
				46F985BE2C726A860021D09C /* SearchDestinationView.swift in Sources */,
				464D7EEC2C6B6E6C005FAAD5 /* DBService.swift in Sources */,
				464D7EF02C6B6EAD005FAAD5 /* RegistrationView.swift in Sources */,
				4647010E2C6FB20500F53B9A /* MapView.swift in Sources */,
				464D7EF72C6B70A8005FAAD5 /* FormIsValid.swift in Sources */,
				46F985BC2C7268CA0021D09C /* DestinationDetailView.swift in Sources */,
				46F985C42C7279690021D09C /* LocationSearchResultCell.swift in Sources */,
				467585C92C6B89C2007468AE /* RegistrationButton.swift in Sources */,
				46F985C22C7275220021D09C /* LocationSearchViewModel.swift in Sources */,
				464D7EE42C6B6CA6005FAAD5 /* AuthenticationViewModel.swift in Sources */,
				464D7EF22C6B6FAB005FAAD5 /* HomeView.swift in Sources */,
				464D7EF52C6B7045005FAAD5 /* InputView.swift in Sources */,
				464701142C6FD0AF00F53B9A /* SearchBarView.swift in Sources */,
				464701112C6FB24D00F53B9A /* LocationManager.swift in Sources */,
				46F4739F2C69414F008ED2FD /* PeppyApp.swift in Sources */,
				4647010C2C6FB0C100F53B9A /* MapViewRepresentable.swift in Sources */,
				464D7EE92C6B6DCF005FAAD5 /* RootView.swift in Sources */,
			);
			runOnlyForDeploymentPostprocessing = 0;
		};
		46F473A72C694150008ED2FD /* Sources */ = {
			isa = PBXSourcesBuildPhase;
			buildActionMask = 2147483647;
			files = (
				46F473B02C694150008ED2FD /* PeppyTests.swift in Sources */,
			);
			runOnlyForDeploymentPostprocessing = 0;
		};
		46F473B12C694150008ED2FD /* Sources */ = {
			isa = PBXSourcesBuildPhase;
			buildActionMask = 2147483647;
			files = (
				46F473BA2C694150008ED2FD /* PeppyUITests.swift in Sources */,
				46F473BC2C694150008ED2FD /* PeppyUITestsLaunchTests.swift in Sources */,
			);
			runOnlyForDeploymentPostprocessing = 0;
		};
/* End PBXSourcesBuildPhase section */

/* Begin PBXTargetDependency section */
		46F473AD2C694150008ED2FD /* PBXTargetDependency */ = {
			isa = PBXTargetDependency;
			target = 46F4739A2C69414F008ED2FD /* Peppy */;
			targetProxy = 46F473AC2C694150008ED2FD /* PBXContainerItemProxy */;
		};
		46F473B72C694150008ED2FD /* PBXTargetDependency */ = {
			isa = PBXTargetDependency;
			target = 46F4739A2C69414F008ED2FD /* Peppy */;
			targetProxy = 46F473B62C694150008ED2FD /* PBXContainerItemProxy */;
		};
/* End PBXTargetDependency section */

/* Begin XCBuildConfiguration section */
		46F473BD2C694150008ED2FD /* Debug */ = {
			isa = XCBuildConfiguration;
			buildSettings = {
				ALWAYS_SEARCH_USER_PATHS = NO;
				CLANG_ANALYZER_NONNULL = YES;
				CLANG_ANALYZER_NUMBER_OBJECT_CONVERSION = YES_AGGRESSIVE;
				CLANG_CXX_LANGUAGE_STANDARD = "gnu++20";
				CLANG_ENABLE_MODULES = YES;
				CLANG_ENABLE_OBJC_ARC = YES;
				CLANG_ENABLE_OBJC_WEAK = YES;
				CLANG_WARN_BLOCK_CAPTURE_AUTORELEASING = YES;
				CLANG_WARN_BOOL_CONVERSION = YES;
				CLANG_WARN_COMMA = YES;
				CLANG_WARN_CONSTANT_CONVERSION = YES;
				CLANG_WARN_DEPRECATED_OBJC_IMPLEMENTATIONS = YES;
				CLANG_WARN_DIRECT_OBJC_ISA_USAGE = YES_ERROR;
				CLANG_WARN_DOCUMENTATION_COMMENTS = YES;
				CLANG_WARN_EMPTY_BODY = YES;
				CLANG_WARN_ENUM_CONVERSION = YES;
				CLANG_WARN_INFINITE_RECURSION = YES;
				CLANG_WARN_INT_CONVERSION = YES;
				CLANG_WARN_NON_LITERAL_NULL_CONVERSION = YES;
				CLANG_WARN_OBJC_IMPLICIT_RETAIN_SELF = YES;
				CLANG_WARN_OBJC_LITERAL_CONVERSION = YES;
				CLANG_WARN_OBJC_ROOT_CLASS = YES_ERROR;
				CLANG_WARN_QUOTED_INCLUDE_IN_FRAMEWORK_HEADER = YES;
				CLANG_WARN_RANGE_LOOP_ANALYSIS = YES;
				CLANG_WARN_STRICT_PROTOTYPES = YES;
				CLANG_WARN_SUSPICIOUS_MOVE = YES;
				CLANG_WARN_UNGUARDED_AVAILABILITY = YES_AGGRESSIVE;
				CLANG_WARN_UNREACHABLE_CODE = YES;
				CLANG_WARN__DUPLICATE_METHOD_MATCH = YES;
				COPY_PHASE_STRIP = NO;
				DEBUG_INFORMATION_FORMAT = dwarf;
				ENABLE_STRICT_OBJC_MSGSEND = YES;
				ENABLE_TESTABILITY = YES;
				GCC_C_LANGUAGE_STANDARD = gnu11;
				GCC_DYNAMIC_NO_PIC = NO;
				GCC_NO_COMMON_BLOCKS = YES;
				GCC_OPTIMIZATION_LEVEL = 0;
				GCC_PREPROCESSOR_DEFINITIONS = (
					"DEBUG=1",
					"$(inherited)",
				);
				GCC_WARN_64_TO_32_BIT_CONVERSION = YES;
				GCC_WARN_ABOUT_RETURN_TYPE = YES_ERROR;
				GCC_WARN_UNDECLARED_SELECTOR = YES;
				GCC_WARN_UNINITIALIZED_AUTOS = YES_AGGRESSIVE;
				GCC_WARN_UNUSED_FUNCTION = YES;
				GCC_WARN_UNUSED_VARIABLE = YES;
				IPHONEOS_DEPLOYMENT_TARGET = 16.4;
				MTL_ENABLE_DEBUG_INFO = INCLUDE_SOURCE;
				MTL_FAST_MATH = YES;
				ONLY_ACTIVE_ARCH = YES;
				SDKROOT = iphoneos;
				SWIFT_ACTIVE_COMPILATION_CONDITIONS = DEBUG;
				SWIFT_OPTIMIZATION_LEVEL = "-Onone";
			};
			name = Debug;
		};
		46F473BE2C694150008ED2FD /* Release */ = {
			isa = XCBuildConfiguration;
			buildSettings = {
				ALWAYS_SEARCH_USER_PATHS = NO;
				CLANG_ANALYZER_NONNULL = YES;
				CLANG_ANALYZER_NUMBER_OBJECT_CONVERSION = YES_AGGRESSIVE;
				CLANG_CXX_LANGUAGE_STANDARD = "gnu++20";
				CLANG_ENABLE_MODULES = YES;
				CLANG_ENABLE_OBJC_ARC = YES;
				CLANG_ENABLE_OBJC_WEAK = YES;
				CLANG_WARN_BLOCK_CAPTURE_AUTORELEASING = YES;
				CLANG_WARN_BOOL_CONVERSION = YES;
				CLANG_WARN_COMMA = YES;
				CLANG_WARN_CONSTANT_CONVERSION = YES;
				CLANG_WARN_DEPRECATED_OBJC_IMPLEMENTATIONS = YES;
				CLANG_WARN_DIRECT_OBJC_ISA_USAGE = YES_ERROR;
				CLANG_WARN_DOCUMENTATION_COMMENTS = YES;
				CLANG_WARN_EMPTY_BODY = YES;
				CLANG_WARN_ENUM_CONVERSION = YES;
				CLANG_WARN_INFINITE_RECURSION = YES;
				CLANG_WARN_INT_CONVERSION = YES;
				CLANG_WARN_NON_LITERAL_NULL_CONVERSION = YES;
				CLANG_WARN_OBJC_IMPLICIT_RETAIN_SELF = YES;
				CLANG_WARN_OBJC_LITERAL_CONVERSION = YES;
				CLANG_WARN_OBJC_ROOT_CLASS = YES_ERROR;
				CLANG_WARN_QUOTED_INCLUDE_IN_FRAMEWORK_HEADER = YES;
				CLANG_WARN_RANGE_LOOP_ANALYSIS = YES;
				CLANG_WARN_STRICT_PROTOTYPES = YES;
				CLANG_WARN_SUSPICIOUS_MOVE = YES;
				CLANG_WARN_UNGUARDED_AVAILABILITY = YES_AGGRESSIVE;
				CLANG_WARN_UNREACHABLE_CODE = YES;
				CLANG_WARN__DUPLICATE_METHOD_MATCH = YES;
				COPY_PHASE_STRIP = NO;
				DEBUG_INFORMATION_FORMAT = "dwarf-with-dsym";
				ENABLE_NS_ASSERTIONS = NO;
				ENABLE_STRICT_OBJC_MSGSEND = YES;
				GCC_C_LANGUAGE_STANDARD = gnu11;
				GCC_NO_COMMON_BLOCKS = YES;
				GCC_WARN_64_TO_32_BIT_CONVERSION = YES;
				GCC_WARN_ABOUT_RETURN_TYPE = YES_ERROR;
				GCC_WARN_UNDECLARED_SELECTOR = YES;
				GCC_WARN_UNINITIALIZED_AUTOS = YES_AGGRESSIVE;
				GCC_WARN_UNUSED_FUNCTION = YES;
				GCC_WARN_UNUSED_VARIABLE = YES;
				IPHONEOS_DEPLOYMENT_TARGET = 16.4;
				MTL_ENABLE_DEBUG_INFO = NO;
				MTL_FAST_MATH = YES;
				SDKROOT = iphoneos;
				SWIFT_COMPILATION_MODE = wholemodule;
				SWIFT_OPTIMIZATION_LEVEL = "-O";
				VALIDATE_PRODUCT = YES;
			};
			name = Release;
		};
		46F473C02C694150008ED2FD /* Debug */ = {
			isa = XCBuildConfiguration;
			buildSettings = {
				ASSETCATALOG_COMPILER_APPICON_NAME = AppIcon;
				ASSETCATALOG_COMPILER_GLOBAL_ACCENT_COLOR_NAME = AccentColor;
				CODE_SIGN_STYLE = Automatic;
				CURRENT_PROJECT_VERSION = 1;
				DEVELOPMENT_ASSET_PATHS = "\"Peppy/Preview Content\"";
				DEVELOPMENT_TEAM = X458CUZL7L;
				ENABLE_PREVIEWS = YES;
				GENERATE_INFOPLIST_FILE = YES;
				INFOPLIST_FILE = Peppy/Info.plist;
				INFOPLIST_KEY_CFBundleDisplayName = "";
				INFOPLIST_KEY_LSApplicationCategoryType = "";
				INFOPLIST_KEY_NSLocationWhenInUseUsageDescription = "Please allow us to access your location";
				INFOPLIST_KEY_UIApplicationSceneManifest_Generation = YES;
				INFOPLIST_KEY_UIApplicationSupportsIndirectInputEvents = YES;
				INFOPLIST_KEY_UILaunchScreen_Generation = YES;
				INFOPLIST_KEY_UISupportedInterfaceOrientations_iPad = "UIInterfaceOrientationPortrait UIInterfaceOrientationPortraitUpsideDown UIInterfaceOrientationLandscapeLeft UIInterfaceOrientationLandscapeRight";
				INFOPLIST_KEY_UISupportedInterfaceOrientations_iPhone = "UIInterfaceOrientationPortrait UIInterfaceOrientationLandscapeLeft UIInterfaceOrientationLandscapeRight";
				LD_RUNPATH_SEARCH_PATHS = (
					"$(inherited)",
					"@executable_path/Frameworks",
				);
				MARKETING_VERSION = 1.0;
				PRODUCT_BUNDLE_IDENTIFIER = io..Peppy;
				PRODUCT_NAME = "$(TARGET_NAME)";
				SWIFT_EMIT_LOC_STRINGS = YES;
				SWIFT_VERSION = 5.0;
				TARGETED_DEVICE_FAMILY = "1,2";
			};
			name = Debug;
		};
		46F473C12C694150008ED2FD /* Release */ = {
			isa = XCBuildConfiguration;
			buildSettings = {
				ASSETCATALOG_COMPILER_APPICON_NAME = AppIcon;
				ASSETCATALOG_COMPILER_GLOBAL_ACCENT_COLOR_NAME = AccentColor;
				CODE_SIGN_STYLE = Automatic;
				CURRENT_PROJECT_VERSION = 1;
				DEVELOPMENT_ASSET_PATHS = "\"Peppy/Preview Content\"";
				DEVELOPMENT_TEAM = X458CUZL7L;
				ENABLE_PREVIEWS = YES;
				GENERATE_INFOPLIST_FILE = YES;
				INFOPLIST_FILE = Peppy/Info.plist;
				INFOPLIST_KEY_CFBundleDisplayName = "";
				INFOPLIST_KEY_LSApplicationCategoryType = "";
				INFOPLIST_KEY_NSLocationWhenInUseUsageDescription = "Please allow us to access your location";
				INFOPLIST_KEY_UIApplicationSceneManifest_Generation = YES;
				INFOPLIST_KEY_UIApplicationSupportsIndirectInputEvents = YES;
				INFOPLIST_KEY_UILaunchScreen_Generation = YES;
				INFOPLIST_KEY_UISupportedInterfaceOrientations_iPad = "UIInterfaceOrientationPortrait UIInterfaceOrientationPortraitUpsideDown UIInterfaceOrientationLandscapeLeft UIInterfaceOrientationLandscapeRight";
				INFOPLIST_KEY_UISupportedInterfaceOrientations_iPhone = "UIInterfaceOrientationPortrait UIInterfaceOrientationLandscapeLeft UIInterfaceOrientationLandscapeRight";
				LD_RUNPATH_SEARCH_PATHS = (
					"$(inherited)",
					"@executable_path/Frameworks",
				);
				MARKETING_VERSION = 1.0;
				PRODUCT_BUNDLE_IDENTIFIER = io..Peppy;
				PRODUCT_NAME = "$(TARGET_NAME)";
				SWIFT_EMIT_LOC_STRINGS = YES;
				SWIFT_VERSION = 5.0;
				TARGETED_DEVICE_FAMILY = "1,2";
			};
			name = Release;
		};
		46F473C32C694150008ED2FD /* Debug */ = {
			isa = XCBuildConfiguration;
			buildSettings = {
				ALWAYS_EMBED_SWIFT_STANDARD_LIBRARIES = YES;
				BUNDLE_LOADER = "$(TEST_HOST)";
				CODE_SIGN_STYLE = Automatic;
				CURRENT_PROJECT_VERSION = 1;
				DEVELOPMENT_TEAM = X458CUZL7L;
				GENERATE_INFOPLIST_FILE = YES;
				IPHONEOS_DEPLOYMENT_TARGET = 16.4;
				MARKETING_VERSION = 1.0;
				PRODUCT_BUNDLE_IDENTIFIER = io..PeppyTests;
				PRODUCT_NAME = "$(TARGET_NAME)";
				SWIFT_EMIT_LOC_STRINGS = NO;
				SWIFT_VERSION = 5.0;
				TARGETED_DEVICE_FAMILY = "1,2";
				TEST_HOST = "$(BUILT_PRODUCTS_DIR)/Peppy.app/$(BUNDLE_EXECUTABLE_FOLDER_PATH)/Peppy";
			};
			name = Debug;
		};
		46F473C42C694150008ED2FD /* Release */ = {
			isa = XCBuildConfiguration;
			buildSettings = {
				ALWAYS_EMBED_SWIFT_STANDARD_LIBRARIES = YES;
				BUNDLE_LOADER = "$(TEST_HOST)";
				CODE_SIGN_STYLE = Automatic;
				CURRENT_PROJECT_VERSION = 1;
				DEVELOPMENT_TEAM = X458CUZL7L;
				GENERATE_INFOPLIST_FILE = YES;
				IPHONEOS_DEPLOYMENT_TARGET = 16.4;
				MARKETING_VERSION = 1.0;
				PRODUCT_BUNDLE_IDENTIFIER = io..PeppyTests;
				PRODUCT_NAME = "$(TARGET_NAME)";
				SWIFT_EMIT_LOC_STRINGS = NO;
				SWIFT_VERSION = 5.0;
				TARGETED_DEVICE_FAMILY = "1,2";
				TEST_HOST = "$(BUILT_PRODUCTS_DIR)/Peppy.app/$(BUNDLE_EXECUTABLE_FOLDER_PATH)/Peppy";
			};
			name = Release;
		};
		46F473C62C694150008ED2FD /* Debug */ = {
			isa = XCBuildConfiguration;
			buildSettings = {
				ALWAYS_EMBED_SWIFT_STANDARD_LIBRARIES = YES;
				CODE_SIGN_STYLE = Automatic;
				CURRENT_PROJECT_VERSION = 1;
				DEVELOPMENT_TEAM = X458CUZL7L;
				GENERATE_INFOPLIST_FILE = YES;
				MARKETING_VERSION = 1.0;
				PRODUCT_BUNDLE_IDENTIFIER = io..PeppyUITests;
				PRODUCT_NAME = "$(TARGET_NAME)";
				SWIFT_EMIT_LOC_STRINGS = NO;
				SWIFT_VERSION = 5.0;
				TARGETED_DEVICE_FAMILY = "1,2";
				TEST_TARGET_NAME = Peppy;
			};
			name = Debug;
		};
		46F473C72C694150008ED2FD /* Release */ = {
			isa = XCBuildConfiguration;
			buildSettings = {
				ALWAYS_EMBED_SWIFT_STANDARD_LIBRARIES = YES;
				CODE_SIGN_STYLE = Automatic;
				CURRENT_PROJECT_VERSION = 1;
				DEVELOPMENT_TEAM = X458CUZL7L;
				GENERATE_INFOPLIST_FILE = YES;
				MARKETING_VERSION = 1.0;
				PRODUCT_BUNDLE_IDENTIFIER = io..PeppyUITests;
				PRODUCT_NAME = "$(TARGET_NAME)";
				SWIFT_EMIT_LOC_STRINGS = NO;
				SWIFT_VERSION = 5.0;
				TARGETED_DEVICE_FAMILY = "1,2";
				TEST_TARGET_NAME = Peppy;
			};
			name = Release;
		};
/* End XCBuildConfiguration section */

/* Begin XCConfigurationList section */
		46F473962C69414F008ED2FD /* Build configuration list for PBXProject "Peppy" */ = {
			isa = XCConfigurationList;
			buildConfigurations = (
				46F473BD2C694150008ED2FD /* Debug */,
				46F473BE2C694150008ED2FD /* Release */,
			);
			defaultConfigurationIsVisible = 0;
			defaultConfigurationName = Release;
		};
		46F473BF2C694150008ED2FD /* Build configuration list for PBXNativeTarget "Peppy" */ = {
			isa = XCConfigurationList;
			buildConfigurations = (
				46F473C02C694150008ED2FD /* Debug */,
				46F473C12C694150008ED2FD /* Release */,
			);
			defaultConfigurationIsVisible = 0;
			defaultConfigurationName = Release;
		};
		46F473C22C694150008ED2FD /* Build configuration list for PBXNativeTarget "PeppyTests" */ = {
			isa = XCConfigurationList;
			buildConfigurations = (
				46F473C32C694150008ED2FD /* Debug */,
				46F473C42C694150008ED2FD /* Release */,
			);
			defaultConfigurationIsVisible = 0;
			defaultConfigurationName = Release;
		};
		46F473C52C694150008ED2FD /* Build configuration list for PBXNativeTarget "PeppyUITests" */ = {
			isa = XCConfigurationList;
			buildConfigurations = (
				46F473C62C694150008ED2FD /* Debug */,
				46F473C72C694150008ED2FD /* Release */,
			);
			defaultConfigurationIsVisible = 0;
			defaultConfigurationName = Release;
		};
/* End XCConfigurationList section */

/* Begin XCRemoteSwiftPackageReference section */
		46163EB12C6A4AE600CD6CBD /* XCRemoteSwiftPackageReference "firebase-ios-sdk" */ = {
			isa = XCRemoteSwiftPackageReference;
			repositoryURL = "https://github.com/firebase/firebase-ios-sdk";
			requirement = {
				kind = upToNextMajorVersion;
				minimumVersion = 10.0.0;
			};
		};
/* End XCRemoteSwiftPackageReference section */

/* Begin XCSwiftPackageProductDependency section */
		46163EB32C6A4B0500CD6CBD /* FirebaseFirestore */ = {
			isa = XCSwiftPackageProductDependency;
			package = 46163EB12C6A4AE600CD6CBD /* XCRemoteSwiftPackageReference "firebase-ios-sdk" */;
			productName = FirebaseFirestore;
		};
		46163EB62C6A4B1A00CD6CBD /* FirebaseAuth */ = {
			isa = XCSwiftPackageProductDependency;
			package = 46163EB12C6A4AE600CD6CBD /* XCRemoteSwiftPackageReference "firebase-ios-sdk" */;
			productName = FirebaseAuth;
		};
		46163EB82C6A4B2F00CD6CBD /* FirebaseFirestoreSwift */ = {
			isa = XCSwiftPackageProductDependency;
			package = 46163EB12C6A4AE600CD6CBD /* XCRemoteSwiftPackageReference "firebase-ios-sdk" */;
			productName = FirebaseFirestoreSwift;
		};
		46163EBA2C6A4B3D00CD6CBD /* FirebaseStorage */ = {
			isa = XCSwiftPackageProductDependency;
			package = 46163EB12C6A4AE600CD6CBD /* XCRemoteSwiftPackageReference "firebase-ios-sdk" */;
			productName = FirebaseStorage;
		};
/* End XCSwiftPackageProductDependency section */
	};
	rootObject = 46F473932C69414F008ED2FD /* Project object */;
}
