// !$*UTF8*$!
{
	archiveVersion = 1;
	classes = {
	};
	objectVersion = 56;
	objects = {

/* Begin PBXBuildFile section */
		46F4739F2C69414F008ED2FD /* PeppyApp.swift in Sources */ = {isa = PBXBuildFile; fileRef = 46F4739E2C69414F008ED2FD /* PeppyApp.swift */; };
		46F473A12C69414F008ED2FD /* ContentView.swift in Sources */ = {isa = PBXBuildFile; fileRef = 46F473A02C69414F008ED2FD /* ContentView.swift */; };
		46F473A32C694150008ED2FD /* Assets.xcassets in Resources */ = {isa = PBXBuildFile; fileRef = 46F473A22C694150008ED2FD /* Assets.xcassets */; };
		46F473A62C694150008ED2FD /* Preview Assets.xcassets in Resources */ = {isa = PBXBuildFile; fileRef = 46F473A52C694150008ED2FD /* Preview Assets.xcassets */; };
		46F473B02C694150008ED2FD /* PeppyTests.swift in Sources */ = {isa = PBXBuildFile; fileRef = 46F473AF2C694150008ED2FD /* PeppyTests.swift */; };
		46F473BA2C694150008ED2FD /* PeppyUITests.swift in Sources */ = {isa = PBXBuildFile; fileRef = 46F473B92C694150008ED2FD /* PeppyUITests.swift */; };
		46F473BC2C694150008ED2FD /* PeppyUITestsLaunchTests.swift in Sources */ = {isa = PBXBuildFile; fileRef = 46F473BB2C694150008ED2FD /* PeppyUITestsLaunchTests.swift */; };
/* End PBXBuildFile section */

/* Begin PBXContainerItemProxy section */
		46F473AC2C694150008ED2FD /* PBXContainerItemProxy */ = {
			isa = PBXContainerItemProxy;
			containerPortal = 46F473932C69414F008ED2FD /* Project object */;
			proxyType = 1;
			remoteGlobalIDString = 46F4739A2C69414F008ED2FD;
			remoteInfo = Peppy;
		};
		46F473B62C694150008ED2FD /* PBXContainerItemProxy */ = {
			isa = PBXContainerItemProxy;
			containerPortal = 46F473932C69414F008ED2FD /* Project object */;
			proxyType = 1;
			remoteGlobalIDString = 46F4739A2C69414F008ED2FD;
			remoteInfo = Peppy;
		};
/* End PBXContainerItemProxy section */

/* Begin PBXFileReference section */
		46F4739B2C69414F008ED2FD /* Peppy.app */ = {isa = PBXFileReference; explicitFileType = wrapper.application; includeInIndex = 0; path = Peppy.app; sourceTree = BUILT_PRODUCTS_DIR; };
		46F4739E2C69414F008ED2FD /* PeppyApp.swift */ = {isa = PBXFileReference; lastKnownFileType = sourcecode.swift; path = PeppyApp.swift; sourceTree = "<group>"; };
		46F473A02C69414F008ED2FD /* ContentView.swift */ = {isa = PBXFileReference; lastKnownFileType = sourcecode.swift; path = ContentView.swift; sourceTree = "<group>"; };
		46F473A22C694150008ED2FD /* Assets.xcassets */ = {isa = PBXFileReference; lastKnownFileType = folder.assetcatalog; path = Assets.xcassets; sourceTree = "<group>"; };
		46F473A52C694150008ED2FD /* Preview Assets.xcassets */ = {isa = PBXFileReference; lastKnownFileType = folder.assetcatalog; path = "Preview Assets.xcassets"; sourceTree = "<group>"; };
		46F473AB2C694150008ED2FD /* PeppyTests.xctest */ = {isa = PBXFileReference; explicitFileType = wrapper.cfbundle; includeInIndex = 0; path = PeppyTests.xctest; sourceTree = BUILT_PRODUCTS_DIR; };
		46F473AF2C694150008ED2FD /* PeppyTests.swift */ = {isa = PBXFileReference; lastKnownFileType = sourcecode.swift; path = PeppyTests.swift; sourceTree = "<group>"; };
		46F473B52C694150008ED2FD /* PeppyUITests.xctest */ = {isa = PBXFileReference; explicitFileType = wrapper.cfbundle; includeInIndex = 0; path = PeppyUITests.xctest; sourceTree = BUILT_PRODUCTS_DIR; };
		46F473B92C694150008ED2FD /* PeppyUITests.swift */ = {isa = PBXFileReference; lastKnownFileType = sourcecode.swift; path = PeppyUITests.swift; sourceTree = "<group>"; };
		46F473BB2C694150008ED2FD /* PeppyUITestsLaunchTests.swift */ = {isa = PBXFileReference; lastKnownFileType = sourcecode.swift; path = PeppyUITestsLaunchTests.swift; sourceTree = "<group>"; };
/* End PBXFileReference section */

/* Begin PBXFrameworksBuildPhase section */
		46F473982C69414F008ED2FD /* Frameworks */ = {
			isa = PBXFrameworksBuildPhase;
			buildActionMask = 2147483647;
			files = (
			);
			runOnlyForDeploymentPostprocessing = 0;
		};
		46F473A82C694150008ED2FD /* Frameworks */ = {
			isa = PBXFrameworksBuildPhase;
			buildActionMask = 2147483647;
			files = (
			);
			runOnlyForDeploymentPostprocessing = 0;
		};
		46F473B22C694150008ED2FD /* Frameworks */ = {
			isa = PBXFrameworksBuildPhase;
			buildActionMask = 2147483647;
			files = (
			);
			runOnlyForDeploymentPostprocessing = 0;
		};
/* End PBXFrameworksBuildPhase section */

/* Begin PBXGroup section */
		46F473922C69414F008ED2FD = {
			isa = PBXGroup;
			children = (
				46F4739D2C69414F008ED2FD /* Peppy */,
				46F473AE2C694150008ED2FD /* PeppyTests */,
				46F473B82C694150008ED2FD /* PeppyUITests */,
				46F4739C2C69414F008ED2FD /* Products */,
			);
			sourceTree = "<group>";
		};
		46F4739C2C69414F008ED2FD /* Products */ = {
			isa = PBXGroup;
			children = (
				46F4739B2C69414F008ED2FD /* Peppy.app */,
				46F473AB2C694150008ED2FD /* PeppyTests.xctest */,
				46F473B52C694150008ED2FD /* PeppyUITests.xctest */,
			);
			name = Products;
			sourceTree = "<group>";
		};
		46F4739D2C69414F008ED2FD /* Peppy */ = {
			isa = PBXGroup;
			children = (
				46F4739E2C69414F008ED2FD /* PeppyApp.swift */,
				46F473A02C69414F008ED2FD /* ContentView.swift */,
				46F473A22C694150008ED2FD /* Assets.xcassets */,
				46F473A42C694150008ED2FD /* Preview Content */,
			);
			path = Peppy;
			sourceTree = "<group>";
		};
		46F473A42C694150008ED2FD /* Preview Content */ = {
			isa = PBXGroup;
			children = (
				46F473A52C694150008ED2FD /* Preview Assets.xcassets */,
			);
			path = "Preview Content";
			sourceTree = "<group>";
		};
		46F473AE2C694150008ED2FD /* PeppyTests */ = {
			isa = PBXGroup;
			children = (
				46F473AF2C694150008ED2FD /* PeppyTests.swift */,
			);
			path = PeppyTests;
			sourceTree = "<group>";
		};
		46F473B82C694150008ED2FD /* PeppyUITests */ = {
			isa = PBXGroup;
			children = (
				46F473B92C694150008ED2FD /* PeppyUITests.swift */,
				46F473BB2C694150008ED2FD /* PeppyUITestsLaunchTests.swift */,
			);
			path = PeppyUITests;
			sourceTree = "<group>";
		};
/* End PBXGroup section */

/* Begin PBXNativeTarget section */
		46F4739A2C69414F008ED2FD /* Peppy */ = {
			isa = PBXNativeTarget;
			buildConfigurationList = 46F473BF2C694150008ED2FD /* Build configuration list for PBXNativeTarget "Peppy" */;
			buildPhases = (
				46F473972C69414F008ED2FD /* Sources */,
				46F473982C69414F008ED2FD /* Frameworks */,
				46F473992C69414F008ED2FD /* Resources */,
			);
			buildRules = (
			);
			dependencies = (
			);
			name = Peppy;
			productName = Peppy;
			productReference = 46F4739B2C69414F008ED2FD /* Peppy.app */;
			productType = "com.apple.product-type.application";
		};
		46F473AA2C694150008ED2FD /* PeppyTests */ = {
			isa = PBXNativeTarget;
			buildConfigurationList = 46F473C22C694150008ED2FD /* Build configuration list for PBXNativeTarget "PeppyTests" */;
			buildPhases = (
				46F473A72C694150008ED2FD /* Sources */,
				46F473A82C694150008ED2FD /* Frameworks */,
				46F473A92C694150008ED2FD /* Resources */,
			);
			buildRules = (
			);
			dependencies = (
				46F473AD2C694150008ED2FD /* PBXTargetDependency */,
			);
			name = PeppyTests;
			productName = PeppyTests;
			productReference = 46F473AB2C694150008ED2FD /* PeppyTests.xctest */;
			productType = "com.apple.product-type.bundle.unit-test";
		};
		46F473B42C694150008ED2FD /* PeppyUITests */ = {
			isa = PBXNativeTarget;
			buildConfigurationList = 46F473C52C694150008ED2FD /* Build configuration list for PBXNativeTarget "PeppyUITests" */;
			buildPhases = (
				46F473B12C694150008ED2FD /* Sources */,
				46F473B22C694150008ED2FD /* Frameworks */,
				46F473B32C694150008ED2FD /* Resources */,
			);
			buildRules = (
			);
			dependencies = (
				46F473B72C694150008ED2FD /* PBXTargetDependency */,
			);
			name = PeppyUITests;
			productName = PeppyUITests;
			productReference = 46F473B52C694150008ED2FD /* PeppyUITests.xctest */;
			productType = "com.apple.product-type.bundle.ui-testing";
		};
/* End PBXNativeTarget section */

/* Begin PBXProject section */
		46F473932C69414F008ED2FD /* Project object */ = {
			isa = PBXProject;
			attributes = {
				BuildIndependentTargetsInParallel = 1;
				LastSwiftUpdateCheck = 1430;
				LastUpgradeCheck = 1430;
				TargetAttributes = {
					46F4739A2C69414F008ED2FD = {
						CreatedOnToolsVersion = 14.3.1;
					};
					46F473AA2C694150008ED2FD = {
						CreatedOnToolsVersion = 14.3.1;
						TestTargetID = 46F4739A2C69414F008ED2FD;
					};
					46F473B42C694150008ED2FD = {
						CreatedOnToolsVersion = 14.3.1;
						TestTargetID = 46F4739A2C69414F008ED2FD;
					};
				};
			};
			buildConfigurationList = 46F473962C69414F008ED2FD /* Build configuration list for PBXProject "Peppy" */;
			compatibilityVersion = "Xcode 14.0";
			developmentRegion = en;
			hasScannedForEncodings = 0;
			knownRegions = (
				en,
				Base,
			);
			mainGroup = 46F473922C69414F008ED2FD;
			productRefGroup = 46F4739C2C69414F008ED2FD /* Products */;
			projectDirPath = "";
			projectRoot = "";
			targets = (
				46F4739A2C69414F008ED2FD /* Peppy */,
				46F473AA2C694150008ED2FD /* PeppyTests */,
				46F473B42C694150008ED2FD /* PeppyUITests */,
			);
		};
/* End PBXProject section */

/* Begin PBXResourcesBuildPhase section */
		46F473992C69414F008ED2FD /* Resources */ = {
			isa = PBXResourcesBuildPhase;
			buildActionMask = 2147483647;
			files = (
				46F473A62C694150008ED2FD /* Preview Assets.xcassets in Resources */,
				46F473A32C694150008ED2FD /* Assets.xcassets in Resources */,
			);
			runOnlyForDeploymentPostprocessing = 0;
		};
		46F473A92C694150008ED2FD /* Resources */ = {
			isa = PBXResourcesBuildPhase;
			buildActionMask = 2147483647;
			files = (
			);
			runOnlyForDeploymentPostprocessing = 0;
		};
		46F473B32C694150008ED2FD /* Resources */ = {
			isa = PBXResourcesBuildPhase;
			buildActionMask = 2147483647;
			files = (
			);
			runOnlyForDeploymentPostprocessing = 0;
		};
/* End PBXResourcesBuildPhase section */

/* Begin PBXSourcesBuildPhase section */
		46F473972C69414F008ED2FD /* Sources */ = {
			isa = PBXSourcesBuildPhase;
			buildActionMask = 2147483647;
			files = (
				46F473A12C69414F008ED2FD /* ContentView.swift in Sources */,
				46F4739F2C69414F008ED2FD /* PeppyApp.swift in Sources */,
			);
			runOnlyForDeploymentPostprocessing = 0;
		};
		46F473A72C694150008ED2FD /* Sources */ = {
			isa = PBXSourcesBuildPhase;
			buildActionMask = 2147483647;
			files = (
				46F473B02C694150008ED2FD /* PeppyTests.swift in Sources */,
			);
			runOnlyForDeploymentPostprocessing = 0;
		};
		46F473B12C694150008ED2FD /* Sources */ = {
			isa = PBXSourcesBuildPhase;
			buildActionMask = 2147483647;
			files = (
				46F473BA2C694150008ED2FD /* PeppyUITests.swift in Sources */,
				46F473BC2C694150008ED2FD /* PeppyUITestsLaunchTests.swift in Sources */,
			);
			runOnlyForDeploymentPostprocessing = 0;
		};
/* End PBXSourcesBuildPhase section */

/* Begin PBXTargetDependency section */
		46F473AD2C694150008ED2FD /* PBXTargetDependency */ = {
			isa = PBXTargetDependency;
			target = 46F4739A2C69414F008ED2FD /* Peppy */;
			targetProxy = 46F473AC2C694150008ED2FD /* PBXContainerItemProxy */;
		};
		46F473B72C694150008ED2FD /* PBXTargetDependency */ = {
			isa = PBXTargetDependency;
			target = 46F4739A2C69414F008ED2FD /* Peppy */;
			targetProxy = 46F473B62C694150008ED2FD /* PBXContainerItemProxy */;
		};
/* End PBXTargetDependency section */

/* Begin XCBuildConfiguration section */
		46F473BD2C694150008ED2FD /* Debug */ = {
			isa = XCBuildConfiguration;
			buildSettings = {
				ALWAYS_SEARCH_USER_PATHS = NO;
				CLANG_ANALYZER_NONNULL = YES;
				CLANG_ANALYZER_NUMBER_OBJECT_CONVERSION = YES_AGGRESSIVE;
				CLANG_CXX_LANGUAGE_STANDARD = "gnu++20";
				CLANG_ENABLE_MODULES = YES;
				CLANG_ENABLE_OBJC_ARC = YES;
				CLANG_ENABLE_OBJC_WEAK = YES;
				CLANG_WARN_BLOCK_CAPTURE_AUTORELEASING = YES;
				CLANG_WARN_BOOL_CONVERSION = YES;
				CLANG_WARN_COMMA = YES;
				CLANG_WARN_CONSTANT_CONVERSION = YES;
				CLANG_WARN_DEPRECATED_OBJC_IMPLEMENTATIONS = YES;
				CLANG_WARN_DIRECT_OBJC_ISA_USAGE = YES_ERROR;
				CLANG_WARN_DOCUMENTATION_COMMENTS = YES;
				CLANG_WARN_EMPTY_BODY = YES;
				CLANG_WARN_ENUM_CONVERSION = YES;
				CLANG_WARN_INFINITE_RECURSION = YES;
				CLANG_WARN_INT_CONVERSION = YES;
				CLANG_WARN_NON_LITERAL_NULL_CONVERSION = YES;
				CLANG_WARN_OBJC_IMPLICIT_RETAIN_SELF = YES;
				CLANG_WARN_OBJC_LITERAL_CONVERSION = YES;
				CLANG_WARN_OBJC_ROOT_CLASS = YES_ERROR;
				CLANG_WARN_QUOTED_INCLUDE_IN_FRAMEWORK_HEADER = YES;
				CLANG_WARN_RANGE_LOOP_ANALYSIS = YES;
				CLANG_WARN_STRICT_PROTOTYPES = YES;
				CLANG_WARN_SUSPICIOUS_MOVE = YES;
				CLANG_WARN_UNGUARDED_AVAILABILITY = YES_AGGRESSIVE;
				CLANG_WARN_UNREACHABLE_CODE = YES;
				CLANG_WARN__DUPLICATE_METHOD_MATCH = YES;
				COPY_PHASE_STRIP = NO;
				DEBUG_INFORMATION_FORMAT = dwarf;
				ENABLE_STRICT_OBJC_MSGSEND = YES;
				ENABLE_TESTABILITY = YES;
				GCC_C_LANGUAGE_STANDARD = gnu11;
				GCC_DYNAMIC_NO_PIC = NO;
				GCC_NO_COMMON_BLOCKS = YES;
				GCC_OPTIMIZATION_LEVEL = 0;
				GCC_PREPROCESSOR_DEFINITIONS = (
					"DEBUG=1",
					"$(inherited)",
				);
				GCC_WARN_64_TO_32_BIT_CONVERSION = YES;
				GCC_WARN_ABOUT_RETURN_TYPE = YES_ERROR;
				GCC_WARN_UNDECLARED_SELECTOR = YES;
				GCC_WARN_UNINITIALIZED_AUTOS = YES_AGGRESSIVE;
				GCC_WARN_UNUSED_FUNCTION = YES;
				GCC_WARN_UNUSED_VARIABLE = YES;
				IPHONEOS_DEPLOYMENT_TARGET = 16.4;
				MTL_ENABLE_DEBUG_INFO = INCLUDE_SOURCE;
				MTL_FAST_MATH = YES;
				ONLY_ACTIVE_ARCH = YES;
				SDKROOT = iphoneos;
				SWIFT_ACTIVE_COMPILATION_CONDITIONS = DEBUG;
				SWIFT_OPTIMIZATION_LEVEL = "-Onone";
			};
			name = Debug;
		};
		46F473BE2C694150008ED2FD /* Release */ = {
			isa = XCBuildConfiguration;
			buildSettings = {
				ALWAYS_SEARCH_USER_PATHS = NO;
				CLANG_ANALYZER_NONNULL = YES;
				CLANG_ANALYZER_NUMBER_OBJECT_CONVERSION = YES_AGGRESSIVE;
				CLANG_CXX_LANGUAGE_STANDARD = "gnu++20";
				CLANG_ENABLE_MODULES = YES;
				CLANG_ENABLE_OBJC_ARC = YES;
				CLANG_ENABLE_OBJC_WEAK = YES;
				CLANG_WARN_BLOCK_CAPTURE_AUTORELEASING = YES;
				CLANG_WARN_BOOL_CONVERSION = YES;
				CLANG_WARN_COMMA = YES;
				CLANG_WARN_CONSTANT_CONVERSION = YES;
				CLANG_WARN_DEPRECATED_OBJC_IMPLEMENTATIONS = YES;
				CLANG_WARN_DIRECT_OBJC_ISA_USAGE = YES_ERROR;
				CLANG_WARN_DOCUMENTATION_COMMENTS = YES;
				CLANG_WARN_EMPTY_BODY = YES;
				CLANG_WARN_ENUM_CONVERSION = YES;
				CLANG_WARN_INFINITE_RECURSION = YES;
				CLANG_WARN_INT_CONVERSION = YES;
				CLANG_WARN_NON_LITERAL_NULL_CONVERSION = YES;
				CLANG_WARN_OBJC_IMPLICIT_RETAIN_SELF = YES;
				CLANG_WARN_OBJC_LITERAL_CONVERSION = YES;
				CLANG_WARN_OBJC_ROOT_CLASS = YES_ERROR;
				CLANG_WARN_QUOTED_INCLUDE_IN_FRAMEWORK_HEADER = YES;
				CLANG_WARN_RANGE_LOOP_ANALYSIS = YES;
				CLANG_WARN_STRICT_PROTOTYPES = YES;
				CLANG_WARN_SUSPICIOUS_MOVE = YES;
				CLANG_WARN_UNGUARDED_AVAILABILITY = YES_AGGRESSIVE;
				CLANG_WARN_UNREACHABLE_CODE = YES;
				CLANG_WARN__DUPLICATE_METHOD_MATCH = YES;
				COPY_PHASE_STRIP = NO;
				DEBUG_INFORMATION_FORMAT = "dwarf-with-dsym";
				ENABLE_NS_ASSERTIONS = NO;
				ENABLE_STRICT_OBJC_MSGSEND = YES;
				GCC_C_LANGUAGE_STANDARD = gnu11;
				GCC_NO_COMMON_BLOCKS = YES;
				GCC_WARN_64_TO_32_BIT_CONVERSION = YES;
				GCC_WARN_ABOUT_RETURN_TYPE = YES_ERROR;
				GCC_WARN_UNDECLARED_SELECTOR = YES;
				GCC_WARN_UNINITIALIZED_AUTOS = YES_AGGRESSIVE;
				GCC_WARN_UNUSED_FUNCTION = YES;
				GCC_WARN_UNUSED_VARIABLE = YES;
				IPHONEOS_DEPLOYMENT_TARGET = 16.4;
				MTL_ENABLE_DEBUG_INFO = NO;
				MTL_FAST_MATH = YES;
				SDKROOT = iphoneos;
				SWIFT_COMPILATION_MODE = wholemodule;
				SWIFT_OPTIMIZATION_LEVEL = "-O";
				VALIDATE_PRODUCT = YES;
			};
			name = Release;
		};
		46F473C02C694150008ED2FD /* Debug */ = {
			isa = XCBuildConfiguration;
			buildSettings = {
				ASSETCATALOG_COMPILER_APPICON_NAME = AppIcon;
				ASSETCATALOG_COMPILER_GLOBAL_ACCENT_COLOR_NAME = AccentColor;
				CODE_SIGN_STYLE = Automatic;
				CURRENT_PROJECT_VERSION = 1;
				DEVELOPMENT_ASSET_PATHS = "\"Peppy/Preview Content\"";
				DEVELOPMENT_TEAM = X458CUZL7L;
				ENABLE_PREVIEWS = YES;
				GENERATE_INFOPLIST_FILE = YES;
				INFOPLIST_KEY_UIApplicationSceneManifest_Generation = YES;
				INFOPLIST_KEY_UIApplicationSupportsIndirectInputEvents = YES;
				INFOPLIST_KEY_UILaunchScreen_Generation = YES;
				INFOPLIST_KEY_UISupportedInterfaceOrientations_iPad = "UIInterfaceOrientationPortrait UIInterfaceOrientationPortraitUpsideDown UIInterfaceOrientationLandscapeLeft UIInterfaceOrientationLandscapeRight";
				INFOPLIST_KEY_UISupportedInterfaceOrientations_iPhone = "UIInterfaceOrientationPortrait UIInterfaceOrientationLandscapeLeft UIInterfaceOrientationLandscapeRight";
				LD_RUNPATH_SEARCH_PATHS = (
					"$(inherited)",
					"@executable_path/Frameworks",
				);
				MARKETING_VERSION = 1.0;
				PRODUCT_BUNDLE_IDENTIFIER = io..Peppy;
				PRODUCT_NAME = "$(TARGET_NAME)";
				SWIFT_EMIT_LOC_STRINGS = YES;
				SWIFT_VERSION = 5.0;
				TARGETED_DEVICE_FAMILY = "1,2";
			};
			name = Debug;
		};
		46F473C12C694150008ED2FD /* Release */ = {
			isa = XCBuildConfiguration;
			buildSettings = {
				ASSETCATALOG_COMPILER_APPICON_NAME = AppIcon;
				ASSETCATALOG_COMPILER_GLOBAL_ACCENT_COLOR_NAME = AccentColor;
				CODE_SIGN_STYLE = Automatic;
				CURRENT_PROJECT_VERSION = 1;
				DEVELOPMENT_ASSET_PATHS = "\"Peppy/Preview Content\"";
				DEVELOPMENT_TEAM = X458CUZL7L;
				ENABLE_PREVIEWS = YES;
				GENERATE_INFOPLIST_FILE = YES;
				INFOPLIST_KEY_UIApplicationSceneManifest_Generation = YES;
				INFOPLIST_KEY_UIApplicationSupportsIndirectInputEvents = YES;
				INFOPLIST_KEY_UILaunchScreen_Generation = YES;
				INFOPLIST_KEY_UISupportedInterfaceOrientations_iPad = "UIInterfaceOrientationPortrait UIInterfaceOrientationPortraitUpsideDown UIInterfaceOrientationLandscapeLeft UIInterfaceOrientationLandscapeRight";
				INFOPLIST_KEY_UISupportedInterfaceOrientations_iPhone = "UIInterfaceOrientationPortrait UIInterfaceOrientationLandscapeLeft UIInterfaceOrientationLandscapeRight";
				LD_RUNPATH_SEARCH_PATHS = (
					"$(inherited)",
					"@executable_path/Frameworks",
				);
				MARKETING_VERSION = 1.0;
				PRODUCT_BUNDLE_IDENTIFIER = io..Peppy;
				PRODUCT_NAME = "$(TARGET_NAME)";
				SWIFT_EMIT_LOC_STRINGS = YES;
				SWIFT_VERSION = 5.0;
				TARGETED_DEVICE_FAMILY = "1,2";
			};
			name = Release;
		};
		46F473C32C694150008ED2FD /* Debug */ = {
			isa = XCBuildConfiguration;
			buildSettings = {
				ALWAYS_EMBED_SWIFT_STANDARD_LIBRARIES = YES;
				BUNDLE_LOADER = "$(TEST_HOST)";
				CODE_SIGN_STYLE = Automatic;
				CURRENT_PROJECT_VERSION = 1;
				DEVELOPMENT_TEAM = X458CUZL7L;
				GENERATE_INFOPLIST_FILE = YES;
				IPHONEOS_DEPLOYMENT_TARGET = 16.4;
				MARKETING_VERSION = 1.0;
				PRODUCT_BUNDLE_IDENTIFIER = io..PeppyTests;
				PRODUCT_NAME = "$(TARGET_NAME)";
				SWIFT_EMIT_LOC_STRINGS = NO;
				SWIFT_VERSION = 5.0;
				TARGETED_DEVICE_FAMILY = "1,2";
				TEST_HOST = "$(BUILT_PRODUCTS_DIR)/Peppy.app/$(BUNDLE_EXECUTABLE_FOLDER_PATH)/Peppy";
			};
			name = Debug;
		};
		46F473C42C694150008ED2FD /* Release */ = {
			isa = XCBuildConfiguration;
			buildSettings = {
				ALWAYS_EMBED_SWIFT_STANDARD_LIBRARIES = YES;
				BUNDLE_LOADER = "$(TEST_HOST)";
				CODE_SIGN_STYLE = Automatic;
				CURRENT_PROJECT_VERSION = 1;
				DEVELOPMENT_TEAM = X458CUZL7L;
				GENERATE_INFOPLIST_FILE = YES;
				IPHONEOS_DEPLOYMENT_TARGET = 16.4;
				MARKETING_VERSION = 1.0;
				PRODUCT_BUNDLE_IDENTIFIER = io..PeppyTests;
				PRODUCT_NAME = "$(TARGET_NAME)";
				SWIFT_EMIT_LOC_STRINGS = NO;
				SWIFT_VERSION = 5.0;
				TARGETED_DEVICE_FAMILY = "1,2";
				TEST_HOST = "$(BUILT_PRODUCTS_DIR)/Peppy.app/$(BUNDLE_EXECUTABLE_FOLDER_PATH)/Peppy";
			};
			name = Release;
		};
		46F473C62C694150008ED2FD /* Debug */ = {
			isa = XCBuildConfiguration;
			buildSettings = {
				ALWAYS_EMBED_SWIFT_STANDARD_LIBRARIES = YES;
				CODE_SIGN_STYLE = Automatic;
				CURRENT_PROJECT_VERSION = 1;
				DEVELOPMENT_TEAM = X458CUZL7L;
				GENERATE_INFOPLIST_FILE = YES;
				MARKETING_VERSION = 1.0;
				PRODUCT_BUNDLE_IDENTIFIER = io..PeppyUITests;
				PRODUCT_NAME = "$(TARGET_NAME)";
				SWIFT_EMIT_LOC_STRINGS = NO;
				SWIFT_VERSION = 5.0;
				TARGETED_DEVICE_FAMILY = "1,2";
				TEST_TARGET_NAME = Peppy;
			};
			name = Debug;
		};
		46F473C72C694150008ED2FD /* Release */ = {
			isa = XCBuildConfiguration;
			buildSettings = {
				ALWAYS_EMBED_SWIFT_STANDARD_LIBRARIES = YES;
				CODE_SIGN_STYLE = Automatic;
				CURRENT_PROJECT_VERSION = 1;
				DEVELOPMENT_TEAM = X458CUZL7L;
				GENERATE_INFOPLIST_FILE = YES;
				MARKETING_VERSION = 1.0;
				PRODUCT_BUNDLE_IDENTIFIER = io..PeppyUITests;
				PRODUCT_NAME = "$(TARGET_NAME)";
				SWIFT_EMIT_LOC_STRINGS = NO;
				SWIFT_VERSION = 5.0;
				TARGETED_DEVICE_FAMILY = "1,2";
				TEST_TARGET_NAME = Peppy;
			};
			name = Release;
		};
/* End XCBuildConfiguration section */

/* Begin XCConfigurationList section */
		46F473962C69414F008ED2FD /* Build configuration list for PBXProject "Peppy" */ = {
			isa = XCConfigurationList;
			buildConfigurations = (
				46F473BD2C694150008ED2FD /* Debug */,
				46F473BE2C694150008ED2FD /* Release */,
			);
			defaultConfigurationIsVisible = 0;
			defaultConfigurationName = Release;
		};
		46F473BF2C694150008ED2FD /* Build configuration list for PBXNativeTarget "Peppy" */ = {
			isa = XCConfigurationList;
			buildConfigurations = (
				46F473C02C694150008ED2FD /* Debug */,
				46F473C12C694150008ED2FD /* Release */,
			);
			defaultConfigurationIsVisible = 0;
			defaultConfigurationName = Release;
		};
		46F473C22C694150008ED2FD /* Build configuration list for PBXNativeTarget "PeppyTests" */ = {
			isa = XCConfigurationList;
			buildConfigurations = (
				46F473C32C694150008ED2FD /* Debug */,
				46F473C42C694150008ED2FD /* Release */,
			);
			defaultConfigurationIsVisible = 0;
			defaultConfigurationName = Release;
		};
		46F473C52C694150008ED2FD /* Build configuration list for PBXNativeTarget "PeppyUITests" */ = {
			isa = XCConfigurationList;
			buildConfigurations = (
				46F473C62C694150008ED2FD /* Debug */,
				46F473C72C694150008ED2FD /* Release */,
			);
			defaultConfigurationIsVisible = 0;
			defaultConfigurationName = Release;
		};
/* End XCConfigurationList section */
	};
	rootObject = 46F473932C69414F008ED2FD /* Project object */;
}
